// !$*UTF8*$!
{
	archiveVersion = 1;
	classes = {
	};
	objectVersion = 56;
	objects = {

/* Begin PBXBuildFile section */
		F4F2CAF32BD2A77900C864B2 /* AppDelegate.swift in Sources */ = {isa = PBXBuildFile; fileRef = F4F2CAF22BD2A77900C864B2 /* AppDelegate.swift */; };
		F4F2CAF52BD2A77900C864B2 /* SceneDelegate.swift in Sources */ = {isa = PBXBuildFile; fileRef = F4F2CAF42BD2A77900C864B2 /* SceneDelegate.swift */; };
		F4F2CAF72BD2A77900C864B2 /* ImagesGallaryViewController.swift in Sources */ = {isa = PBXBuildFile; fileRef = F4F2CAF62BD2A77900C864B2 /* ImagesGallaryViewController.swift */; };
		F4F2CAFA2BD2A77900C864B2 /* Main.storyboard in Resources */ = {isa = PBXBuildFile; fileRef = F4F2CAF82BD2A77900C864B2 /* Main.storyboard */; };
		F4F2CAFC2BD2A77B00C864B2 /* Assets.xcassets in Resources */ = {isa = PBXBuildFile; fileRef = F4F2CAFB2BD2A77B00C864B2 /* Assets.xcassets */; };
		F4F2CAFF2BD2A77B00C864B2 /* LaunchScreen.storyboard in Resources */ = {isa = PBXBuildFile; fileRef = F4F2CAFD2BD2A77B00C864B2 /* LaunchScreen.storyboard */; };
		F4F2CB072BD2A8EA00C864B2 /* ImagesModel.swift in Sources */ = {isa = PBXBuildFile; fileRef = F4F2CB062BD2A8EA00C864B2 /* ImagesModel.swift */; };
		F4F2CB0B2BD2AEA200C864B2 /* API.swift in Sources */ = {isa = PBXBuildFile; fileRef = F4F2CB0A2BD2AEA200C864B2 /* API.swift */; };
		F4F2CB0D2BD2B7FC00C864B2 /* Constants.swift in Sources */ = {isa = PBXBuildFile; fileRef = F4F2CB0C2BD2B7FC00C864B2 /* Constants.swift */; };
		F4F2CB122BD2BDB100C864B2 /* Alamofire in Frameworks */ = {isa = PBXBuildFile; productRef = F4F2CB112BD2BDB100C864B2 /* Alamofire */; };
		F4F2CB142BD2BDB100C864B2 /* AlamofireDynamic in Frameworks */ = {isa = PBXBuildFile; productRef = F4F2CB132BD2BDB100C864B2 /* AlamofireDynamic */; };
		F4F2CB162BD2D0EF00C864B2 /* HTTPRequest.swift in Sources */ = {isa = PBXBuildFile; fileRef = F4F2CB152BD2D0EF00C864B2 /* HTTPRequest.swift */; };
		F4F2CB192BD3E7DB00C864B2 /* Helper.swift in Sources */ = {isa = PBXBuildFile; fileRef = F4F2CB182BD3E7DB00C864B2 /* Helper.swift */; };
/* End PBXBuildFile section */

/* Begin PBXFileReference section */
		F4F2CAEF2BD2A77900C864B2 /* ImageLoading.app */ = {isa = PBXFileReference; explicitFileType = wrapper.application; includeInIndex = 0; path = ImageLoading.app; sourceTree = BUILT_PRODUCTS_DIR; };
		F4F2CAF22BD2A77900C864B2 /* AppDelegate.swift */ = {isa = PBXFileReference; lastKnownFileType = sourcecode.swift; path = AppDelegate.swift; sourceTree = "<group>"; };
		F4F2CAF42BD2A77900C864B2 /* SceneDelegate.swift */ = {isa = PBXFileReference; lastKnownFileType = sourcecode.swift; path = SceneDelegate.swift; sourceTree = "<group>"; };
		F4F2CAF62BD2A77900C864B2 /* ImagesGallaryViewController.swift */ = {isa = PBXFileReference; lastKnownFileType = sourcecode.swift; path = ImagesGallaryViewController.swift; sourceTree = "<group>"; };
		F4F2CAF92BD2A77900C864B2 /* Base */ = {isa = PBXFileReference; lastKnownFileType = file.storyboard; name = Base; path = Base.lproj/Main.storyboard; sourceTree = "<group>"; };
		F4F2CAFB2BD2A77B00C864B2 /* Assets.xcassets */ = {isa = PBXFileReference; lastKnownFileType = folder.assetcatalog; path = Assets.xcassets; sourceTree = "<group>"; };
		F4F2CAFE2BD2A77B00C864B2 /* Base */ = {isa = PBXFileReference; lastKnownFileType = file.storyboard; name = Base; path = Base.lproj/LaunchScreen.storyboard; sourceTree = "<group>"; };
		F4F2CB002BD2A77B00C864B2 /* Info.plist */ = {isa = PBXFileReference; lastKnownFileType = text.plist.xml; path = Info.plist; sourceTree = "<group>"; };
		F4F2CB062BD2A8EA00C864B2 /* ImagesModel.swift */ = {isa = PBXFileReference; lastKnownFileType = sourcecode.swift; path = ImagesModel.swift; sourceTree = "<group>"; };
		F4F2CB0A2BD2AEA200C864B2 /* API.swift */ = {isa = PBXFileReference; lastKnownFileType = sourcecode.swift; path = API.swift; sourceTree = "<group>"; };
		F4F2CB0C2BD2B7FC00C864B2 /* Constants.swift */ = {isa = PBXFileReference; lastKnownFileType = sourcecode.swift; path = Constants.swift; sourceTree = "<group>"; };
		F4F2CB152BD2D0EF00C864B2 /* HTTPRequest.swift */ = {isa = PBXFileReference; lastKnownFileType = sourcecode.swift; path = HTTPRequest.swift; sourceTree = "<group>"; };
		F4F2CB182BD3E7DB00C864B2 /* Helper.swift */ = {isa = PBXFileReference; lastKnownFileType = sourcecode.swift; path = Helper.swift; sourceTree = "<group>"; };
/* End PBXFileReference section */

/* Begin PBXFrameworksBuildPhase section */
		F4F2CAEC2BD2A77900C864B2 /* Frameworks */ = {
			isa = PBXFrameworksBuildPhase;
			buildActionMask = 2147483647;
			files = (
				F4F2CB122BD2BDB100C864B2 /* Alamofire in Frameworks */,
				F4F2CB142BD2BDB100C864B2 /* AlamofireDynamic in Frameworks */,
			);
			runOnlyForDeploymentPostprocessing = 0;
		};
/* End PBXFrameworksBuildPhase section */

/* Begin PBXGroup section */
		F4E931BC2BD5244000263911 /* View */ = {
			isa = PBXGroup;
			children = (
				F4F2CAF82BD2A77900C864B2 /* Main.storyboard */,
				F4F2CAFD2BD2A77B00C864B2 /* LaunchScreen.storyboard */,
			);
			path = View;
			sourceTree = "<group>";
		};
		F4E931BD2BD5245600263911 /* Controllers */ = {
			isa = PBXGroup;
			children = (
				F4F2CAF62BD2A77900C864B2 /* ImagesGallaryViewController.swift */,
			);
			path = Controllers;
			sourceTree = "<group>";
		};
		F4E931BE2BD525A200263911 /* Delegate */ = {
			isa = PBXGroup;
			children = (
				F4F2CAF42BD2A77900C864B2 /* SceneDelegate.swift */,
				F4F2CAF22BD2A77900C864B2 /* AppDelegate.swift */,
			);
			path = Delegate;
			sourceTree = "<group>";
		};
		F4F2CAE62BD2A77900C864B2 = {
			isa = PBXGroup;
			children = (
				F4F2CAF12BD2A77900C864B2 /* ImageLoading */,
				F4F2CAF02BD2A77900C864B2 /* Products */,
			);
			sourceTree = "<group>";
		};
		F4F2CAF02BD2A77900C864B2 /* Products */ = {
			isa = PBXGroup;
			children = (
				F4F2CAEF2BD2A77900C864B2 /* ImageLoading.app */,
			);
			name = Products;
			sourceTree = "<group>";
		};
		F4F2CAF12BD2A77900C864B2 /* ImageLoading */ = {
			isa = PBXGroup;
			children = (
				F4E931BE2BD525A200263911 /* Delegate */,
				F4F2CB172BD3E7C600C864B2 /* Utils */,
				F4F2CB092BD2AE7800C864B2 /* Networks */,
				F4F2CB082BD2ADC700C864B2 /* Model */,
				F4E931BC2BD5244000263911 /* View */,
				F4E931BD2BD5245600263911 /* Controllers */,
				F4F2CAFB2BD2A77B00C864B2 /* Assets.xcassets */,
				F4F2CB002BD2A77B00C864B2 /* Info.plist */,
			);
			path = ImageLoading;
			sourceTree = "<group>";
		};
		F4F2CB082BD2ADC700C864B2 /* Model */ = {
			isa = PBXGroup;
			children = (
				F4F2CB062BD2A8EA00C864B2 /* ImagesModel.swift */,
			);
			path = Model;
			sourceTree = "<group>";
		};
		F4F2CB092BD2AE7800C864B2 /* Networks */ = {
			isa = PBXGroup;
			children = (
				F4F2CB0A2BD2AEA200C864B2 /* API.swift */,
				F4F2CB152BD2D0EF00C864B2 /* HTTPRequest.swift */,
			);
			path = Networks;
			sourceTree = "<group>";
		};
		F4F2CB172BD3E7C600C864B2 /* Utils */ = {
			isa = PBXGroup;
			children = (
				F4F2CB182BD3E7DB00C864B2 /* Helper.swift */,
				F4F2CB0C2BD2B7FC00C864B2 /* Constants.swift */,
			);
			path = Utils;
			sourceTree = "<group>";
		};
/* End PBXGroup section */

/* Begin PBXNativeTarget section */
		F4F2CAEE2BD2A77900C864B2 /* ImageLoading */ = {
			isa = PBXNativeTarget;
			buildConfigurationList = F4F2CB032BD2A77B00C864B2 /* Build configuration list for PBXNativeTarget "ImageLoading" */;
			buildPhases = (
				F4F2CAEB2BD2A77900C864B2 /* Sources */,
				F4F2CAEC2BD2A77900C864B2 /* Frameworks */,
				F4F2CAED2BD2A77900C864B2 /* Resources */,
			);
			buildRules = (
			);
			dependencies = (
			);
			name = ImageLoading;
			packageProductDependencies = (
				F4F2CB112BD2BDB100C864B2 /* Alamofire */,
				F4F2CB132BD2BDB100C864B2 /* AlamofireDynamic */,
			);
			productName = ImageLoading;
			productReference = F4F2CAEF2BD2A77900C864B2 /* ImageLoading.app */;
			productType = "com.apple.product-type.application";
		};
/* End PBXNativeTarget section */

/* Begin PBXProject section */
		F4F2CAE72BD2A77900C864B2 /* Project object */ = {
			isa = PBXProject;
			attributes = {
				BuildIndependentTargetsInParallel = 1;
				LastSwiftUpdateCheck = 1500;
				LastUpgradeCheck = 1500;
				TargetAttributes = {
					F4F2CAEE2BD2A77900C864B2 = {
						CreatedOnToolsVersion = 15.0;
					};
				};
			};
			buildConfigurationList = F4F2CAEA2BD2A77900C864B2 /* Build configuration list for PBXProject "ImageLoading" */;
			compatibilityVersion = "Xcode 14.0";
			developmentRegion = en;
			hasScannedForEncodings = 0;
			knownRegions = (
				en,
				Base,
			);
			mainGroup = F4F2CAE62BD2A77900C864B2;
			packageReferences = (
				F4F2CB102BD2BDB100C864B2 /* XCRemoteSwiftPackageReference "Alamofire" */,
			);
			productRefGroup = F4F2CAF02BD2A77900C864B2 /* Products */;
			projectDirPath = "";
			projectRoot = "";
			targets = (
				F4F2CAEE2BD2A77900C864B2 /* ImageLoading */,
			);
		};
/* End PBXProject section */

/* Begin PBXResourcesBuildPhase section */
		F4F2CAED2BD2A77900C864B2 /* Resources */ = {
			isa = PBXResourcesBuildPhase;
			buildActionMask = 2147483647;
			files = (
				F4F2CAFF2BD2A77B00C864B2 /* LaunchScreen.storyboard in Resources */,
				F4F2CAFC2BD2A77B00C864B2 /* Assets.xcassets in Resources */,
				F4F2CAFA2BD2A77900C864B2 /* Main.storyboard in Resources */,
			);
			runOnlyForDeploymentPostprocessing = 0;
		};
/* End PBXResourcesBuildPhase section */

/* Begin PBXSourcesBuildPhase section */
		F4F2CAEB2BD2A77900C864B2 /* Sources */ = {
			isa = PBXSourcesBuildPhase;
			buildActionMask = 2147483647;
			files = (
				F4F2CAF72BD2A77900C864B2 /* ImagesGallaryViewController.swift in Sources */,
				F4F2CAF32BD2A77900C864B2 /* AppDelegate.swift in Sources */,
				F4F2CAF52BD2A77900C864B2 /* SceneDelegate.swift in Sources */,
				F4F2CB072BD2A8EA00C864B2 /* ImagesModel.swift in Sources */,
				F4F2CB162BD2D0EF00C864B2 /* HTTPRequest.swift in Sources */,
				F4F2CB0B2BD2AEA200C864B2 /* API.swift in Sources */,
				F4F2CB0D2BD2B7FC00C864B2 /* Constants.swift in Sources */,
				F4F2CB192BD3E7DB00C864B2 /* Helper.swift in Sources */,
			);
			runOnlyForDeploymentPostprocessing = 0;
		};
/* End PBXSourcesBuildPhase section */

/* Begin PBXVariantGroup section */
		F4F2CAF82BD2A77900C864B2 /* Main.storyboard */ = {
			isa = PBXVariantGroup;
			children = (
				F4F2CAF92BD2A77900C864B2 /* Base */,
			);
			name = Main.storyboard;
			sourceTree = "<group>";
		};
		F4F2CAFD2BD2A77B00C864B2 /* LaunchScreen.storyboard */ = {
			isa = PBXVariantGroup;
			children = (
				F4F2CAFE2BD2A77B00C864B2 /* Base */,
			);
			name = LaunchScreen.storyboard;
			sourceTree = "<group>";
		};
/* End PBXVariantGroup section */

/* Begin XCBuildConfiguration section */
		F4F2CB012BD2A77B00C864B2 /* Debug */ = {
			isa = XCBuildConfiguration;
			buildSettings = {
				ALWAYS_SEARCH_USER_PATHS = NO;
				ASSETCATALOG_COMPILER_GENERATE_SWIFT_ASSET_SYMBOL_EXTENSIONS = YES;
				CLANG_ANALYZER_NONNULL = YES;
				CLANG_ANALYZER_NUMBER_OBJECT_CONVERSION = YES_AGGRESSIVE;
				CLANG_CXX_LANGUAGE_STANDARD = "gnu++20";
				CLANG_ENABLE_MODULES = YES;
				CLANG_ENABLE_OBJC_ARC = YES;
				CLANG_ENABLE_OBJC_WEAK = YES;
				CLANG_WARN_BLOCK_CAPTURE_AUTORELEASING = YES;
				CLANG_WARN_BOOL_CONVERSION = YES;
				CLANG_WARN_COMMA = YES;
				CLANG_WARN_CONSTANT_CONVERSION = YES;
				CLANG_WARN_DEPRECATED_OBJC_IMPLEMENTATIONS = YES;
				CLANG_WARN_DIRECT_OBJC_ISA_USAGE = YES_ERROR;
				CLANG_WARN_DOCUMENTATION_COMMENTS = YES;
				CLANG_WARN_EMPTY_BODY = YES;
				CLANG_WARN_ENUM_CONVERSION = YES;
				CLANG_WARN_INFINITE_RECURSION = YES;
				CLANG_WARN_INT_CONVERSION = YES;
				CLANG_WARN_NON_LITERAL_NULL_CONVERSION = YES;
				CLANG_WARN_OBJC_IMPLICIT_RETAIN_SELF = YES;
				CLANG_WARN_OBJC_LITERAL_CONVERSION = YES;
				CLANG_WARN_OBJC_ROOT_CLASS = YES_ERROR;
				CLANG_WARN_QUOTED_INCLUDE_IN_FRAMEWORK_HEADER = YES;
				CLANG_WARN_RANGE_LOOP_ANALYSIS = YES;
				CLANG_WARN_STRICT_PROTOTYPES = YES;
				CLANG_WARN_SUSPICIOUS_MOVE = YES;
				CLANG_WARN_UNGUARDED_AVAILABILITY = YES_AGGRESSIVE;
				CLANG_WARN_UNREACHABLE_CODE = YES;
				CLANG_WARN__DUPLICATE_METHOD_MATCH = YES;
				COPY_PHASE_STRIP = NO;
				DEBUG_INFORMATION_FORMAT = dwarf;
				ENABLE_STRICT_OBJC_MSGSEND = YES;
				ENABLE_TESTABILITY = YES;
				ENABLE_USER_SCRIPT_SANDBOXING = YES;
				GCC_C_LANGUAGE_STANDARD = gnu17;
				GCC_DYNAMIC_NO_PIC = NO;
				GCC_NO_COMMON_BLOCKS = YES;
				GCC_OPTIMIZATION_LEVEL = 0;
				GCC_PREPROCESSOR_DEFINITIONS = (
					"DEBUG=1",
					"$(inherited)",
				);
				GCC_WARN_64_TO_32_BIT_CONVERSION = YES;
				GCC_WARN_ABOUT_RETURN_TYPE = YES_ERROR;
				GCC_WARN_UNDECLARED_SELECTOR = YES;
				GCC_WARN_UNINITIALIZED_AUTOS = YES_AGGRESSIVE;
				GCC_WARN_UNUSED_FUNCTION = YES;
				GCC_WARN_UNUSED_VARIABLE = YES;
				IPHONEOS_DEPLOYMENT_TARGET = 17.0;
				LOCALIZATION_PREFERS_STRING_CATALOGS = YES;
				MTL_ENABLE_DEBUG_INFO = INCLUDE_SOURCE;
				MTL_FAST_MATH = YES;
				ONLY_ACTIVE_ARCH = YES;
				SDKROOT = iphoneos;
				SWIFT_ACTIVE_COMPILATION_CONDITIONS = "DEBUG $(inherited)";
				SWIFT_OPTIMIZATION_LEVEL = "-Onone";
			};
			name = Debug;
		};
		F4F2CB022BD2A77B00C864B2 /* Release */ = {
			isa = XCBuildConfiguration;
			buildSettings = {
				ALWAYS_SEARCH_USER_PATHS = NO;
				ASSETCATALOG_COMPILER_GENERATE_SWIFT_ASSET_SYMBOL_EXTENSIONS = YES;
				CLANG_ANALYZER_NONNULL = YES;
				CLANG_ANALYZER_NUMBER_OBJECT_CONVERSION = YES_AGGRESSIVE;
				CLANG_CXX_LANGUAGE_STANDARD = "gnu++20";
				CLANG_ENABLE_MODULES = YES;
				CLANG_ENABLE_OBJC_ARC = YES;
				CLANG_ENABLE_OBJC_WEAK = YES;
				CLANG_WARN_BLOCK_CAPTURE_AUTORELEASING = YES;
				CLANG_WARN_BOOL_CONVERSION = YES;
				CLANG_WARN_COMMA = YES;
				CLANG_WARN_CONSTANT_CONVERSION = YES;
				CLANG_WARN_DEPRECATED_OBJC_IMPLEMENTATIONS = YES;
				CLANG_WARN_DIRECT_OBJC_ISA_USAGE = YES_ERROR;
				CLANG_WARN_DOCUMENTATION_COMMENTS = YES;
				CLANG_WARN_EMPTY_BODY = YES;
				CLANG_WARN_ENUM_CONVERSION = YES;
				CLANG_WARN_INFINITE_RECURSION = YES;
				CLANG_WARN_INT_CONVERSION = YES;
				CLANG_WARN_NON_LITERAL_NULL_CONVERSION = YES;
				CLANG_WARN_OBJC_IMPLICIT_RETAIN_SELF = YES;
				CLANG_WARN_OBJC_LITERAL_CONVERSION = YES;
				CLANG_WARN_OBJC_ROOT_CLASS = YES_ERROR;
				CLANG_WARN_QUOTED_INCLUDE_IN_FRAMEWORK_HEADER = YES;
				CLANG_WARN_RANGE_LOOP_ANALYSIS = YES;
				CLANG_WARN_STRICT_PROTOTYPES = YES;
				CLANG_WARN_SUSPICIOUS_MOVE = YES;
				CLANG_WARN_UNGUARDED_AVAILABILITY = YES_AGGRESSIVE;
				CLANG_WARN_UNREACHABLE_CODE = YES;
				CLANG_WARN__DUPLICATE_METHOD_MATCH = YES;
				COPY_PHASE_STRIP = NO;
				DEBUG_INFORMATION_FORMAT = "dwarf-with-dsym";
				ENABLE_NS_ASSERTIONS = NO;
				ENABLE_STRICT_OBJC_MSGSEND = YES;
				ENABLE_USER_SCRIPT_SANDBOXING = YES;
				GCC_C_LANGUAGE_STANDARD = gnu17;
				GCC_NO_COMMON_BLOCKS = YES;
				GCC_WARN_64_TO_32_BIT_CONVERSION = YES;
				GCC_WARN_ABOUT_RETURN_TYPE = YES_ERROR;
				GCC_WARN_UNDECLARED_SELECTOR = YES;
				GCC_WARN_UNINITIALIZED_AUTOS = YES_AGGRESSIVE;
				GCC_WARN_UNUSED_FUNCTION = YES;
				GCC_WARN_UNUSED_VARIABLE = YES;
				IPHONEOS_DEPLOYMENT_TARGET = 17.0;
				LOCALIZATION_PREFERS_STRING_CATALOGS = YES;
				MTL_ENABLE_DEBUG_INFO = NO;
				MTL_FAST_MATH = YES;
				SDKROOT = iphoneos;
				SWIFT_COMPILATION_MODE = wholemodule;
				VALIDATE_PRODUCT = YES;
			};
			name = Release;
		};
		F4F2CB042BD2A77B00C864B2 /* Debug */ = {
			isa = XCBuildConfiguration;
			buildSettings = {
				ASSETCATALOG_COMPILER_APPICON_NAME = AppIcon;
				ASSETCATALOG_COMPILER_GLOBAL_ACCENT_COLOR_NAME = AccentColor;
				CODE_SIGN_STYLE = Automatic;
				CURRENT_PROJECT_VERSION = 1;
				GENERATE_INFOPLIST_FILE = YES;
				INFOPLIST_FILE = ImageLoading/Info.plist;
				INFOPLIST_KEY_UIApplicationSupportsIndirectInputEvents = YES;
				INFOPLIST_KEY_UILaunchStoryboardName = LaunchScreen;
				INFOPLIST_KEY_UIMainStoryboardFile = Main;
				INFOPLIST_KEY_UISupportedInterfaceOrientations_iPad = "UIInterfaceOrientationPortrait UIInterfaceOrientationPortraitUpsideDown UIInterfaceOrientationLandscapeLeft UIInterfaceOrientationLandscapeRight";
				INFOPLIST_KEY_UISupportedInterfaceOrientations_iPhone = "UIInterfaceOrientationPortrait UIInterfaceOrientationLandscapeLeft UIInterfaceOrientationLandscapeRight";
				LD_RUNPATH_SEARCH_PATHS = (
					"$(inherited)",
					"@executable_path/Frameworks",
				);
				MARKETING_VERSION = 1.0;
				PRODUCT_BUNDLE_IDENTIFIER = com.demo.ImageLoading;
				PRODUCT_NAME = "$(TARGET_NAME)";
				SWIFT_EMIT_LOC_STRINGS = YES;
				SWIFT_VERSION = 5.0;
				TARGETED_DEVICE_FAMILY = "1,2";
			};
			name = Debug;
		};
		F4F2CB052BD2A77B00C864B2 /* Release */ = {
			isa = XCBuildConfiguration;
			buildSettings = {
				ASSETCATALOG_COMPILER_APPICON_NAME = AppIcon;
				ASSETCATALOG_COMPILER_GLOBAL_ACCENT_COLOR_NAME = AccentColor;
				CODE_SIGN_STYLE = Automatic;
				CURRENT_PROJECT_VERSION = 1;
				GENERATE_INFOPLIST_FILE = YES;
				INFOPLIST_FILE = ImageLoading/Info.plist;
				INFOPLIST_KEY_UIApplicationSupportsIndirectInputEvents = YES;
				INFOPLIST_KEY_UILaunchStoryboardName = LaunchScreen;
				INFOPLIST_KEY_UIMainStoryboardFile = Main;
				INFOPLIST_KEY_UISupportedInterfaceOrientations_iPad = "UIInterfaceOrientationPortrait UIInterfaceOrientationPortraitUpsideDown UIInterfaceOrientationLandscapeLeft UIInterfaceOrientationLandscapeRight";
				INFOPLIST_KEY_UISupportedInterfaceOrientations_iPhone = "UIInterfaceOrientationPortrait UIInterfaceOrientationLandscapeLeft UIInterfaceOrientationLandscapeRight";
				LD_RUNPATH_SEARCH_PATHS = (
					"$(inherited)",
					"@executable_path/Frameworks",
				);
				MARKETING_VERSION = 1.0;
				PRODUCT_BUNDLE_IDENTIFIER = com.demo.ImageLoading;
				PRODUCT_NAME = "$(TARGET_NAME)";
				SWIFT_EMIT_LOC_STRINGS = YES;
				SWIFT_VERSION = 5.0;
				TARGETED_DEVICE_FAMILY = "1,2";
			};
			name = Release;
		};
/* End XCBuildConfiguration section */

/* Begin XCConfigurationList section */
		F4F2CAEA2BD2A77900C864B2 /* Build configuration list for PBXProject "ImageLoading" */ = {
			isa = XCConfigurationList;
			buildConfigurations = (
				F4F2CB012BD2A77B00C864B2 /* Debug */,
				F4F2CB022BD2A77B00C864B2 /* Release */,
			);
			defaultConfigurationIsVisible = 0;
			defaultConfigurationName = Release;
		};
		F4F2CB032BD2A77B00C864B2 /* Build configuration list for PBXNativeTarget "ImageLoading" */ = {
			isa = XCConfigurationList;
			buildConfigurations = (
				F4F2CB042BD2A77B00C864B2 /* Debug */,
				F4F2CB052BD2A77B00C864B2 /* Release */,
			);
			defaultConfigurationIsVisible = 0;
			defaultConfigurationName = Release;
		};
/* End XCConfigurationList section */

/* Begin XCRemoteSwiftPackageReference section */
		F4F2CB102BD2BDB100C864B2 /* XCRemoteSwiftPackageReference "Alamofire" */ = {
			isa = XCRemoteSwiftPackageReference;
			repositoryURL = "https://github.com/Alamofire/Alamofire.git";
			requirement = {
				kind = upToNextMajorVersion;
				minimumVersion = 5.9.1;
			};
		};
/* End XCRemoteSwiftPackageReference section */

/* Begin XCSwiftPackageProductDependency section */
		F4F2CB112BD2BDB100C864B2 /* Alamofire */ = {
			isa = XCSwiftPackageProductDependency;
			package = F4F2CB102BD2BDB100C864B2 /* XCRemoteSwiftPackageReference "Alamofire" */;
			productName = Alamofire;
		};
		F4F2CB132BD2BDB100C864B2 /* AlamofireDynamic */ = {
			isa = XCSwiftPackageProductDependency;
			package = F4F2CB102BD2BDB100C864B2 /* XCRemoteSwiftPackageReference "Alamofire" */;
			productName = AlamofireDynamic;
		};
/* End XCSwiftPackageProductDependency section */
	};
	rootObject = F4F2CAE72BD2A77900C864B2 /* Project object */;
}
